
Microsoft Visual Studio Solution File, Format Version 12.00
# Visual Studio 15
VisualStudioVersion = 15.0.26923.0
MinimumVisualStudioVersion = 15.0.26730.03
Project("{9A19103F-16F7-4668-BE54-9A1E7A4F7556}") = "Microsoft.Extensions.Diagnostics.HealthChecks.Abstractions", "src\Microsoft.Extensions.Diagnostics.HealthChecks.Abstractions\Microsoft.Extensions.Diagnostics.HealthChecks.Abstractions.csproj", "{0D103C24-B9E8-468A-B113-509FCFEF7B45}"
EndProject
Project("{9A19103F-16F7-4668-BE54-9A1E7A4F7556}") = "Microsoft.Extensions.Diagnostics.HealthChecks", "src\Microsoft.Extensions.Diagnostics.HealthChecks\Microsoft.Extensions.Diagnostics.HealthChecks.csproj", "{F285F000-9342-4A01-9706-BAB2B97B4F97}"
EndProject
Global
	GlobalSection(SolutionConfigurationPlatforms) = preSolution
		Debug|Any CPU = Debug|Any CPU
		Debug|Mixed Platforms = Debug|Mixed Platforms
		Debug|x86 = Debug|x86
		Release|Any CPU = Release|Any CPU
		Release|Mixed Platforms = Release|Mixed Platforms
		Release|x86 = Release|x86
	EndGlobalSection
	GlobalSection(ProjectConfigurationPlatforms) = postSolution
		{0D103C24-B9E8-468A-B113-509FCFEF7B45}.Debug|Any CPU.ActiveCfg = Debug|Any CPU
		{0D103C24-B9E8-468A-B113-509FCFEF7B45}.Debug|Any CPU.Build.0 = Debug|Any CPU
		{0D103C24-B9E8-468A-B113-509FCFEF7B45}.Debug|Mixed Platforms.ActiveCfg = Debug|Any CPU
		{0D103C24-B9E8-468A-B113-509FCFEF7B45}.Debug|Mixed Platforms.Build.0 = Debug|Any CPU
		{0D103C24-B9E8-468A-B113-509FCFEF7B45}.Debug|x86.ActiveCfg = Debug|Any CPU
		{0D103C24-B9E8-468A-B113-509FCFEF7B45}.Debug|x86.Build.0 = Debug|Any CPU
		{0D103C24-B9E8-468A-B113-509FCFEF7B45}.Release|Any CPU.ActiveCfg = Release|Any CPU
		{0D103C24-B9E8-468A-B113-509FCFEF7B45}.Release|Any CPU.Build.0 = Release|Any CPU
		{0D103C24-B9E8-468A-B113-509FCFEF7B45}.Release|Mixed Platforms.ActiveCfg = Release|Any CPU
		{0D103C24-B9E8-468A-B113-509FCFEF7B45}.Release|Mixed Platforms.Build.0 = Release|Any CPU
		{0D103C24-B9E8-468A-B113-509FCFEF7B45}.Release|x86.ActiveCfg = Release|Any CPU
		{0D103C24-B9E8-468A-B113-509FCFEF7B45}.Release|x86.Build.0 = Release|Any CPU
		{F285F000-9342-4A01-9706-BAB2B97B4F97}.Debug|Any CPU.ActiveCfg = Debug|Any CPU
		{F285F000-9342-4A01-9706-BAB2B97B4F97}.Debug|Any CPU.Build.0 = Debug|Any CPU
		{F285F000-9342-4A01-9706-BAB2B97B4F97}.Debug|Mixed Platforms.ActiveCfg = Debug|Any CPU
		{F285F000-9342-4A01-9706-BAB2B97B4F97}.Debug|Mixed Platforms.Build.0 = Debug|Any CPU
		{F285F000-9342-4A01-9706-BAB2B97B4F97}.Debug|x86.ActiveCfg = Debug|Any CPU
		{F285F000-9342-4A01-9706-BAB2B97B4F97}.Debug|x86.Build.0 = Debug|Any CPU
		{F285F000-9342-4A01-9706-BAB2B97B4F97}.Release|Any CPU.ActiveCfg = Release|Any CPU
		{F285F000-9342-4A01-9706-BAB2B97B4F97}.Release|Any CPU.Build.0 = Release|Any CPU
		{F285F000-9342-4A01-9706-BAB2B97B4F97}.Release|Mixed Platforms.ActiveCfg = Release|Any CPU
		{F285F000-9342-4A01-9706-BAB2B97B4F97}.Release|Mixed Platforms.Build.0 = Release|Any CPU
		{F285F000-9342-4A01-9706-BAB2B97B4F97}.Release|x86.ActiveCfg = Release|Any CPU
		{F285F000-9342-4A01-9706-BAB2B97B4F97}.Release|x86.Build.0 = Release|Any CPU
	EndGlobalSection
	GlobalSection(SolutionProperties) = preSolution
		HideSolutionNode = FALSE
	EndGlobalSection
	GlobalSection(ExtensibilityGlobals) = postSolution
		SolutionGuid = {D915AA7B-4ADE-4BAC-AF65-1E800D3F3580}
	EndGlobalSection
EndGlobal
